
Microsoft Visual Studio Solution File, Format Version 12.00
# Visual Studio Version 17
VisualStudioVersion = 17.1.32328.378
MinimumVisualStudioVersion = 10.0.40219.1
Project("{FAE04EC0-301F-11D3-BF4B-00C04F79EFBC}") = "CryptoAppv3", "CryptoAppv3\CryptoAppv3.csproj", "{4C1654F9-BCF3-4806-BB9F-5B995CFA20F0}"
EndProject
Global
	GlobalSection(SolutionConfigurationPlatforms) = preSolution
		Debug|Any CPU = Debug|Any CPU
		Release|Any CPU = Release|Any CPU
	EndGlobalSection
	GlobalSection(ProjectConfigurationPlatforms) = postSolution
		{4C1654F9-BCF3-4806-BB9F-5B995CFA20F0}.Debug|Any CPU.ActiveCfg = Debug|Any CPU
		{4C1654F9-BCF3-4806-BB9F-5B995CFA20F0}.Debug|Any CPU.Build.0 = Debug|Any CPU
		{4C1654F9-BCF3-4806-BB9F-5B995CFA20F0}.Release|Any CPU.ActiveCfg = Release|Any CPU
		{4C1654F9-BCF3-4806-BB9F-5B995CFA20F0}.Release|Any CPU.Build.0 = Release|Any CPU
	EndGlobalSection
	GlobalSection(SolutionProperties) = preSolution
		HideSolutionNode = FALSE
	EndGlobalSection
	GlobalSection(ExtensibilityGlobals) = postSolution
		SolutionGuid = {0225A175-41C4-4F1B-B8D5-7D2840E9CF3B}
	EndGlobalSection
EndGlobal
